
Microsoft Visual Studio Solution File, Format Version 12.00
# Visual Studio Version 16
VisualStudioVersion = 16.0.30517.126
MinimumVisualStudioVersion = 10.0.40219.1
Project("{FAE04EC0-301F-11D3-BF4B-00C04F79EFBC}") = "BlackSheep-File", "BlackSheep-File\BlackSheep-File.csproj", "{344072E5-B866-4720-B241-54E423C3EFA6}"
EndProject
Project("{FAE04EC0-301F-11D3-BF4B-00C04F79EFBC}") = "Seasons", "Seasons\Seasons.csproj", "{F98FE70A-FF00-4D84-A2A7-8EFF5BF15DD1}"
EndProject
Project("{FAE04EC0-301F-11D3-BF4B-00C04F79EFBC}") = "RandomQuote", "RandomQuote\RandomQuote.csproj", "{1F41A6CC-1FD4-47AD-AA6B-A95AAC604C84}"
EndProject
Global
	GlobalSection(SolutionConfigurationPlatforms) = preSolution
		Debug|Any CPU = Debug|Any CPU
		Release|Any CPU = Release|Any CPU
	EndGlobalSection
	GlobalSection(ProjectConfigurationPlatforms) = postSolution
		{344072E5-B866-4720-B241-54E423C3EFA6}.Debug|Any CPU.ActiveCfg = Debug|Any CPU
		{344072E5-B866-4720-B241-54E423C3EFA6}.Debug|Any CPU.Build.0 = Debug|Any CPU
		{344072E5-B866-4720-B241-54E423C3EFA6}.Release|Any CPU.ActiveCfg = Release|Any CPU
		{344072E5-B866-4720-B241-54E423C3EFA6}.Release|Any CPU.Build.0 = Release|Any CPU
		{F98FE70A-FF00-4D84-A2A7-8EFF5BF15DD1}.Debug|Any CPU.ActiveCfg = Debug|Any CPU
		{F98FE70A-FF00-4D84-A2A7-8EFF5BF15DD1}.Debug|Any CPU.Build.0 = Debug|Any CPU
		{F98FE70A-FF00-4D84-A2A7-8EFF5BF15DD1}.Release|Any CPU.ActiveCfg = Release|Any CPU
		{F98FE70A-FF00-4D84-A2A7-8EFF5BF15DD1}.Release|Any CPU.Build.0 = Release|Any CPU
		{1F41A6CC-1FD4-47AD-AA6B-A95AAC604C84}.Debug|Any CPU.ActiveCfg = Debug|Any CPU
		{1F41A6CC-1FD4-47AD-AA6B-A95AAC604C84}.Debug|Any CPU.Build.0 = Debug|Any CPU
		{1F41A6CC-1FD4-47AD-AA6B-A95AAC604C84}.Release|Any CPU.ActiveCfg = Release|Any CPU
		{1F41A6CC-1FD4-47AD-AA6B-A95AAC604C84}.Release|Any CPU.Build.0 = Release|Any CPU
	EndGlobalSection
	GlobalSection(SolutionProperties) = preSolution
		HideSolutionNode = FALSE
	EndGlobalSection
	GlobalSection(ExtensibilityGlobals) = postSolution
		SolutionGuid = {ACAAA4CA-B443-4C8A-B023-649FE781AC26}
	EndGlobalSection
EndGlobal
